
Microsoft Visual Studio Solution File, Format Version 12.00
# Visual Studio 15
VisualStudioVersion = 15.0.26124.0
MinimumVisualStudioVersion = 15.0.26124.0
Project("{2150E333-8FDC-42A3-9474-1A3956D46DE8}") = "src", "src", "{C4BE1292-0102-43D4-8652-96036230A305}"
EndProject
Project("{FAE04EC0-301F-11D3-BF4B-00C04F79EFBC}") = "Peyk.Client.Web", "src\Peyk.Client.Web\Peyk.Client.Web.csproj", "{DF8A25EA-FF6F-4D8F-AF0C-3A33AA89B2C9}"
EndProject
Global
	GlobalSection(SolutionConfigurationPlatforms) = preSolution
		Debug|Any CPU = Debug|Any CPU
		Debug|x64 = Debug|x64
		Debug|x86 = Debug|x86
		Release|Any CPU = Release|Any CPU
		Release|x64 = Release|x64
		Release|x86 = Release|x86
	EndGlobalSection
	GlobalSection(SolutionProperties) = preSolution
		HideSolutionNode = FALSE
	EndGlobalSection
	GlobalSection(NestedProjects) = preSolution
		{DF8A25EA-FF6F-4D8F-AF0C-3A33AA89B2C9} = {C4BE1292-0102-43D4-8652-96036230A305}
	EndGlobalSection
	GlobalSection(ProjectConfigurationPlatforms) = postSolution
		{DF8A25EA-FF6F-4D8F-AF0C-3A33AA89B2C9}.Debug|Any CPU.ActiveCfg = Debug|Any CPU
		{DF8A25EA-FF6F-4D8F-AF0C-3A33AA89B2C9}.Debug|Any CPU.Build.0 = Debug|Any CPU
		{DF8A25EA-FF6F-4D8F-AF0C-3A33AA89B2C9}.Debug|x64.ActiveCfg = Debug|Any CPU
		{DF8A25EA-FF6F-4D8F-AF0C-3A33AA89B2C9}.Debug|x64.Build.0 = Debug|Any CPU
		{DF8A25EA-FF6F-4D8F-AF0C-3A33AA89B2C9}.Debug|x86.ActiveCfg = Debug|Any CPU
		{DF8A25EA-FF6F-4D8F-AF0C-3A33AA89B2C9}.Debug|x86.Build.0 = Debug|Any CPU
		{DF8A25EA-FF6F-4D8F-AF0C-3A33AA89B2C9}.Release|Any CPU.ActiveCfg = Release|Any CPU
		{DF8A25EA-FF6F-4D8F-AF0C-3A33AA89B2C9}.Release|Any CPU.Build.0 = Release|Any CPU
		{DF8A25EA-FF6F-4D8F-AF0C-3A33AA89B2C9}.Release|x64.ActiveCfg = Release|Any CPU
		{DF8A25EA-FF6F-4D8F-AF0C-3A33AA89B2C9}.Release|x64.Build.0 = Release|Any CPU
		{DF8A25EA-FF6F-4D8F-AF0C-3A33AA89B2C9}.Release|x86.ActiveCfg = Release|Any CPU
		{DF8A25EA-FF6F-4D8F-AF0C-3A33AA89B2C9}.Release|x86.Build.0 = Release|Any CPU
	EndGlobalSection
EndGlobal
